// !$*UTF8*$!
{
	archiveVersion = 1;
	classes = {
	};
	objectVersion = 46;
	objects = {

/* Begin PBXBuildFile section */
		BA28FF071E43C7E10011F563 /* AppDelegate.swift in Sources */ = {isa = PBXBuildFile; fileRef = BA28FF061E43C7E10011F563 /* AppDelegate.swift */; };
		BA28FF091E43C7E10011F563 /* ViewController.swift in Sources */ = {isa = PBXBuildFile; fileRef = BA28FF081E43C7E10011F563 /* ViewController.swift */; };
		BA28FF0C1E43C7E10011F563 /* Main.storyboard in Resources */ = {isa = PBXBuildFile; fileRef = BA28FF0A1E43C7E10011F563 /* Main.storyboard */; };
		BA28FF0E1E43C7E10011F563 /* Assets.xcassets in Resources */ = {isa = PBXBuildFile; fileRef = BA28FF0D1E43C7E10011F563 /* Assets.xcassets */; };
		BA28FF111E43C7E10011F563 /* LaunchScreen.storyboard in Resources */ = {isa = PBXBuildFile; fileRef = BA28FF0F1E43C7E10011F563 /* LaunchScreen.storyboard */; };
		BA28FF191E43C8900011F563 /* KeypadReusable.xib in Resources */ = {isa = PBXBuildFile; fileRef = BA28FF181E43C8900011F563 /* KeypadReusable.xib */; };
		BA28FF1B1E43CA2E0011F563 /* KeypadReusable.swift in Sources */ = {isa = PBXBuildFile; fileRef = BA28FF1A1E43CA2E0011F563 /* KeypadReusable.swift */; };
		BA28FF1E1E43D1820011F563 /* Notes.strings in Resources */ = {isa = PBXBuildFile; fileRef = BA28FF1D1E43D1820011F563 /* Notes.strings */; };
		BA28FF201E43E5730011F563 /* KeypadButtons.swift in Sources */ = {isa = PBXBuildFile; fileRef = BA28FF1F1E43E5730011F563 /* KeypadButtons.swift */; };
/* End PBXBuildFile section */

/* Begin PBXFileReference section */
		BA28FF031E43C7E10011F563 /* ReusableElements.app */ = {isa = PBXFileReference; explicitFileType = wrapper.application; includeInIndex = 0; path = ReusableElements.app; sourceTree = BUILT_PRODUCTS_DIR; };
		BA28FF061E43C7E10011F563 /* AppDelegate.swift */ = {isa = PBXFileReference; lastKnownFileType = sourcecode.swift; path = AppDelegate.swift; sourceTree = "<group>"; };
		BA28FF081E43C7E10011F563 /* ViewController.swift */ = {isa = PBXFileReference; lastKnownFileType = sourcecode.swift; path = ViewController.swift; sourceTree = "<group>"; };
		BA28FF0B1E43C7E10011F563 /* Base */ = {isa = PBXFileReference; lastKnownFileType = file.storyboard; name = Base; path = Base.lproj/Main.storyboard; sourceTree = "<group>"; };
		BA28FF0D1E43C7E10011F563 /* Assets.xcassets */ = {isa = PBXFileReference; lastKnownFileType = folder.assetcatalog; path = Assets.xcassets; sourceTree = "<group>"; };
		BA28FF101E43C7E10011F563 /* Base */ = {isa = PBXFileReference; lastKnownFileType = file.storyboard; name = Base; path = Base.lproj/LaunchScreen.storyboard; sourceTree = "<group>"; };
		BA28FF121E43C7E10011F563 /* Info.plist */ = {isa = PBXFileReference; lastKnownFileType = text.plist.xml; path = Info.plist; sourceTree = "<group>"; };
		BA28FF181E43C8900011F563 /* KeypadReusable.xib */ = {isa = PBXFileReference; fileEncoding = 4; lastKnownFileType = file.xib; path = KeypadReusable.xib; sourceTree = "<group>"; };
		BA28FF1A1E43CA2E0011F563 /* KeypadReusable.swift */ = {isa = PBXFileReference; fileEncoding = 4; lastKnownFileType = sourcecode.swift; path = KeypadReusable.swift; sourceTree = "<group>"; };
		BA28FF1D1E43D1820011F563 /* Notes.strings */ = {isa = PBXFileReference; fileEncoding = 4; lastKnownFileType = text.plist.strings; path = Notes.strings; sourceTree = "<group>"; };
		BA28FF1F1E43E5730011F563 /* KeypadButtons.swift */ = {isa = PBXFileReference; fileEncoding = 4; lastKnownFileType = sourcecode.swift; path = KeypadButtons.swift; sourceTree = "<group>"; };
/* End PBXFileReference section */

/* Begin PBXFrameworksBuildPhase section */
		BA28FF001E43C7E10011F563 /* Frameworks */ = {
			isa = PBXFrameworksBuildPhase;
			buildActionMask = 2147483647;
			files = (
			);
			runOnlyForDeploymentPostprocessing = 0;
		};
/* End PBXFrameworksBuildPhase section */

/* Begin PBXGroup section */
		BA28FEFA1E43C7E10011F563 = {
			isa = PBXGroup;
			children = (
				BA28FF051E43C7E10011F563 /* ReusableElements */,
				BA28FF041E43C7E10011F563 /* Products */,
			);
			sourceTree = "<group>";
		};
		BA28FF041E43C7E10011F563 /* Products */ = {
			isa = PBXGroup;
			children = (
				BA28FF031E43C7E10011F563 /* ReusableElements.app */,
			);
			name = Products;
			sourceTree = "<group>";
		};
		BA28FF051E43C7E10011F563 /* ReusableElements */ = {
			isa = PBXGroup;
			children = (
				BA28FF061E43C7E10011F563 /* AppDelegate.swift */,
				BA28FF081E43C7E10011F563 /* ViewController.swift */,
				BA28FF0A1E43C7E10011F563 /* Main.storyboard */,
				BA28FF0D1E43C7E10011F563 /* Assets.xcassets */,
				BA28FF0F1E43C7E10011F563 /* LaunchScreen.storyboard */,
				BA28FF121E43C7E10011F563 /* Info.plist */,
				BA28FF1C1E43CA370011F563 /* Reusable Keyboard */,
				BA28FF1D1E43D1820011F563 /* Notes.strings */,
			);
			path = ReusableElements;
			sourceTree = "<group>";
		};
		BA28FF1C1E43CA370011F563 /* Reusable Keyboard */ = {
			isa = PBXGroup;
			children = (
				BA28FF181E43C8900011F563 /* KeypadReusable.xib */,
				BA28FF1A1E43CA2E0011F563 /* KeypadReusable.swift */,
				BA28FF1F1E43E5730011F563 /* KeypadButtons.swift */,
			);
			name = "Reusable Keyboard";
			sourceTree = "<group>";
		};
/* End PBXGroup section */

/* Begin PBXNativeTarget section */
		BA28FF021E43C7E10011F563 /* ReusableElements */ = {
			isa = PBXNativeTarget;
			buildConfigurationList = BA28FF151E43C7E10011F563 /* Build configuration list for PBXNativeTarget "ReusableElements" */;
			buildPhases = (
				BA28FEFF1E43C7E10011F563 /* Sources */,
				BA28FF001E43C7E10011F563 /* Frameworks */,
				BA28FF011E43C7E10011F563 /* Resources */,
			);
			buildRules = (
			);
			dependencies = (
			);
			name = ReusableElements;
			productName = ReusableElements;
			productReference = BA28FF031E43C7E10011F563 /* ReusableElements.app */;
			productType = "com.apple.product-type.application";
		};
/* End PBXNativeTarget section */

/* Begin PBXProject section */
		BA28FEFB1E43C7E10011F563 /* Project object */ = {
			isa = PBXProject;
			attributes = {
				LastSwiftUpdateCheck = 0820;
				LastUpgradeCheck = 0820;
				ORGANIZATIONNAME = kalikans;
				TargetAttributes = {
					BA28FF021E43C7E10011F563 = {
						CreatedOnToolsVersion = 8.2.1;
						ProvisioningStyle = Automatic;
					};
				};
			};
			buildConfigurationList = BA28FEFE1E43C7E10011F563 /* Build configuration list for PBXProject "ReusableElements" */;
			compatibilityVersion = "Xcode 3.2";
			developmentRegion = English;
			hasScannedForEncodings = 0;
			knownRegions = (
				en,
				Base,
			);
			mainGroup = BA28FEFA1E43C7E10011F563;
			productRefGroup = BA28FF041E43C7E10011F563 /* Products */;
			projectDirPath = "";
			projectRoot = "";
			targets = (
				BA28FF021E43C7E10011F563 /* ReusableElements */,
			);
		};
/* End PBXProject section */

/* Begin PBXResourcesBuildPhase section */
		BA28FF011E43C7E10011F563 /* Resources */ = {
			isa = PBXResourcesBuildPhase;
			buildActionMask = 2147483647;
			files = (
				BA28FF191E43C8900011F563 /* KeypadReusable.xib in Resources */,
				BA28FF1E1E43D1820011F563 /* Notes.strings in Resources */,
				BA28FF111E43C7E10011F563 /* LaunchScreen.storyboard in Resources */,
				BA28FF0E1E43C7E10011F563 /* Assets.xcassets in Resources */,
				BA28FF0C1E43C7E10011F563 /* Main.storyboard in Resources */,
			);
			runOnlyForDeploymentPostprocessing = 0;
		};
/* End PBXResourcesBuildPhase section */

/* Begin PBXSourcesBuildPhase section */
		BA28FEFF1E43C7E10011F563 /* Sources */ = {
			isa = PBXSourcesBuildPhase;
			buildActionMask = 2147483647;
			files = (
				BA28FF1B1E43CA2E0011F563 /* KeypadReusable.swift in Sources */,
				BA28FF091E43C7E10011F563 /* ViewController.swift in Sources */,
				BA28FF071E43C7E10011F563 /* AppDelegate.swift in Sources */,
				BA28FF201E43E5730011F563 /* KeypadButtons.swift in Sources */,
			);
			runOnlyForDeploymentPostprocessing = 0;
		};
/* End PBXSourcesBuildPhase section */

/* Begin PBXVariantGroup section */
		BA28FF0A1E43C7E10011F563 /* Main.storyboard */ = {
			isa = PBXVariantGroup;
			children = (
				BA28FF0B1E43C7E10011F563 /* Base */,
			);
			name = Main.storyboard;
			sourceTree = "<group>";
		};
		BA28FF0F1E43C7E10011F563 /* LaunchScreen.storyboard */ = {
			isa = PBXVariantGroup;
			children = (
				BA28FF101E43C7E10011F563 /* Base */,
			);
			name = LaunchScreen.storyboard;
			sourceTree = "<group>";
		};
/* End PBXVariantGroup section */

/* Begin XCBuildConfiguration section */
		BA28FF131E43C7E10011F563 /* Debug */ = {
			isa = XCBuildConfiguration;
			buildSettings = {
				ALWAYS_SEARCH_USER_PATHS = NO;
				CLANG_ANALYZER_NONNULL = YES;
				CLANG_CXX_LANGUAGE_STANDARD = "gnu++0x";
				CLANG_CXX_LIBRARY = "libc++";
				CLANG_ENABLE_MODULES = YES;
				CLANG_ENABLE_OBJC_ARC = YES;
				CLANG_WARN_BOOL_CONVERSION = YES;
				CLANG_WARN_CONSTANT_CONVERSION = YES;
				CLANG_WARN_DIRECT_OBJC_ISA_USAGE = YES_ERROR;
				CLANG_WARN_DOCUMENTATION_COMMENTS = YES;
				CLANG_WARN_EMPTY_BODY = YES;
				CLANG_WARN_ENUM_CONVERSION = YES;
				CLANG_WARN_INFINITE_RECURSION = YES;
				CLANG_WARN_INT_CONVERSION = YES;
				CLANG_WARN_OBJC_ROOT_CLASS = YES_ERROR;
				CLANG_WARN_SUSPICIOUS_MOVE = YES;
				CLANG_WARN_UNREACHABLE_CODE = YES;
				CLANG_WARN__DUPLICATE_METHOD_MATCH = YES;
				"CODE_SIGN_IDENTITY[sdk=iphoneos*]" = "iPhone Developer";
				COPY_PHASE_STRIP = NO;
				DEBUG_INFORMATION_FORMAT = dwarf;
				ENABLE_STRICT_OBJC_MSGSEND = YES;
				ENABLE_TESTABILITY = YES;
				GCC_C_LANGUAGE_STANDARD = gnu99;
				GCC_DYNAMIC_NO_PIC = NO;
				GCC_NO_COMMON_BLOCKS = YES;
				GCC_OPTIMIZATION_LEVEL = 0;
				GCC_PREPROCESSOR_DEFINITIONS = (
					"DEBUG=1",
					"$(inherited)",
				);
				GCC_WARN_64_TO_32_BIT_CONVERSION = YES;
				GCC_WARN_ABOUT_RETURN_TYPE = YES_ERROR;
				GCC_WARN_UNDECLARED_SELECTOR = YES;
				GCC_WARN_UNINITIALIZED_AUTOS = YES_AGGRESSIVE;
				GCC_WARN_UNUSED_FUNCTION = YES;
				GCC_WARN_UNUSED_VARIABLE = YES;
				IPHONEOS_DEPLOYMENT_TARGET = 10.2;
				MTL_ENABLE_DEBUG_INFO = YES;
				ONLY_ACTIVE_ARCH = YES;
				SDKROOT = iphoneos;
				SWIFT_ACTIVE_COMPILATION_CONDITIONS = DEBUG;
				SWIFT_OPTIMIZATION_LEVEL = "-Onone";
				TARGETED_DEVICE_FAMILY = "1,2";
			};
			name = Debug;
		};
		BA28FF141E43C7E10011F563 /* Release */ = {
			isa = XCBuildConfiguration;
			buildSettings = {
				ALWAYS_SEARCH_USER_PATHS = NO;
				CLANG_ANALYZER_NONNULL = YES;
				CLANG_CXX_LANGUAGE_STANDARD = "gnu++0x";
				CLANG_CXX_LIBRARY = "libc++";
				CLANG_ENABLE_MODULES = YES;
				CLANG_ENABLE_OBJC_ARC = YES;
				CLANG_WARN_BOOL_CONVERSION = YES;
				CLANG_WARN_CONSTANT_CONVERSION = YES;
				CLANG_WARN_DIRECT_OBJC_ISA_USAGE = YES_ERROR;
				CLANG_WARN_DOCUMENTATION_COMMENTS = YES;
				CLANG_WARN_EMPTY_BODY = YES;
				CLANG_WARN_ENUM_CONVERSION = YES;
				CLANG_WARN_INFINITE_RECURSION = YES;
				CLANG_WARN_INT_CONVERSION = YES;
				CLANG_WARN_OBJC_ROOT_CLASS = YES_ERROR;
				CLANG_WARN_SUSPICIOUS_MOVE = YES;
				CLANG_WARN_UNREACHABLE_CODE = YES;
				CLANG_WARN__DUPLICATE_METHOD_MATCH = YES;
				"CODE_SIGN_IDENTITY[sdk=iphoneos*]" = "iPhone Developer";
				COPY_PHASE_STRIP = NO;
				DEBUG_INFORMATION_FORMAT = "dwarf-with-dsym";
				ENABLE_NS_ASSERTIONS = NO;
				ENABLE_STRICT_OBJC_MSGSEND = YES;
				GCC_C_LANGUAGE_STANDARD = gnu99;
				GCC_NO_COMMON_BLOCKS = YES;
				GCC_WARN_64_TO_32_BIT_CONVERSION = YES;
				GCC_WARN_ABOUT_RETURN_TYPE = YES_ERROR;
				GCC_WARN_UNDECLARED_SELECTOR = YES;
				GCC_WARN_UNINITIALIZED_AUTOS = YES_AGGRESSIVE;
				GCC_WARN_UNUSED_FUNCTION = YES;
				GCC_WARN_UNUSED_VARIABLE = YES;
				IPHONEOS_DEPLOYMENT_TARGET = 10.2;
				MTL_ENABLE_DEBUG_INFO = NO;
				SDKROOT = iphoneos;
				SWIFT_OPTIMIZATION_LEVEL = "-Owholemodule";
				TARGETED_DEVICE_FAMILY = "1,2";
				VALIDATE_PRODUCT = YES;
			};
			name = Release;
		};
		BA28FF161E43C7E10011F563 /* Debug */ = {
			isa = XCBuildConfiguration;
			buildSettings = {
				ASSETCATALOG_COMPILER_APPICON_NAME = AppIcon;
				INFOPLIST_FILE = ReusableElements/Info.plist;
				LD_RUNPATH_SEARCH_PATHS = "$(inherited) @executable_path/Frameworks";
				PRODUCT_BUNDLE_IDENTIFIER = com.kalikans.ReusableElements;
				PRODUCT_NAME = "$(TARGET_NAME)";
				SWIFT_VERSION = 3.0;
			};
			name = Debug;
		};
		BA28FF171E43C7E10011F563 /* Release */ = {
			isa = XCBuildConfiguration;
			buildSettings = {
				ASSETCATALOG_COMPILER_APPICON_NAME = AppIcon;
				INFOPLIST_FILE = ReusableElements/Info.plist;
				LD_RUNPATH_SEARCH_PATHS = "$(inherited) @executable_path/Frameworks";
				PRODUCT_BUNDLE_IDENTIFIER = com.kalikans.ReusableElements;
				PRODUCT_NAME = "$(TARGET_NAME)";
				SWIFT_VERSION = 3.0;
			};
			name = Release;
		};
/* End XCBuildConfiguration section */

/* Begin XCConfigurationList section */
		BA28FEFE1E43C7E10011F563 /* Build configuration list for PBXProject "ReusableElements" */ = {
			isa = XCConfigurationList;
			buildConfigurations = (
				BA28FF131E43C7E10011F563 /* Debug */,
				BA28FF141E43C7E10011F563 /* Release */,
			);
			defaultConfigurationIsVisible = 0;
			defaultConfigurationName = Release;
		};
		BA28FF151E43C7E10011F563 /* Build configuration list for PBXNativeTarget "ReusableElements" */ = {
			isa = XCConfigurationList;
			buildConfigurations = (
				BA28FF161E43C7E10011F563 /* Debug */,
				BA28FF171E43C7E10011F563 /* Release */,
			);
			defaultConfigurationIsVisible = 0;
		};
/* End XCConfigurationList section */
	};
	rootObject = BA28FEFB1E43C7E10011F563 /* Project object */;
}
